// !$*UTF8*$!
{
	archiveVersion = 1;
	classes = {
	};
	objectVersion = 77;
	objects = {

/* Begin PBXBuildFile section */
		EC1986432FB15A3C00019AAA /* WidgetKit.framework in Frameworks */ = {isa = PBXBuildFile; fileRef = EC10D3732E4AC20700F896D4 /* WidgetKit.framework */; };
		EC1986442FB15A3C00019AAA /* SwiftUI.framework in Frameworks */ = {isa = PBXBuildFile; fileRef = EC10D3752E4AC20700F896D4 /* SwiftUI.framework */; };
		EC1986532FB15A3E00019AAA /* WidgetsExtensionExtension.appex in Embed Foundation Extensions */ = {isa = PBXBuildFile; fileRef = EC1986422FB15A3C00019AAA /* WidgetsExtensionExtension.appex */; settings = {ATTRIBUTES = (RemoveHeadersOnCopy, ); }; };
		ECA416832FABAC9200814408 /* RevenueCat in Frameworks */ = {isa = PBXBuildFile; productRef = ECA416822FABAC9200814408 /* RevenueCat */; };
		ECA416852FABAC9200814408 /* RevenueCatUI in Frameworks */ = {isa = PBXBuildFile; productRef = ECA416842FABAC9200814408 /* RevenueCatUI */; };
/* End PBXBuildFile section */

/* Begin PBXContainerItemProxy section */
		EC1986512FB15A3E00019AAA /* PBXContainerItemProxy */ = {
			isa = PBXContainerItemProxy;
			containerPortal = EC5F37D22E395FA500ACBAD8 /* Project object */;
			proxyType = 1;
			remoteGlobalIDString = EC1986412FB15A3C00019AAA;
			remoteInfo = WidgetsExtensionExtension;
		};
/* End PBXContainerItemProxy section */

/* Begin PBXCopyFilesBuildPhase section */
		EC1986582FB15A3E00019AAA /* Embed Foundation Extensions */ = {
			isa = PBXCopyFilesBuildPhase;
			buildActionMask = 2147483647;
			dstPath = "";
			dstSubfolderSpec = 13;
			files = (
				EC1986532FB15A3E00019AAA /* WidgetsExtensionExtension.appex in Embed Foundation Extensions */,
			);
			name = "Embed Foundation Extensions";
			runOnlyForDeploymentPostprocessing = 0;
		};
/* End PBXCopyFilesBuildPhase section */

/* Begin PBXFileReference section */
		EC10D3732E4AC20700F896D4 /* WidgetKit.framework */ = {isa = PBXFileReference; lastKnownFileType = wrapper.framework; name = WidgetKit.framework; path = System/Library/Frameworks/WidgetKit.framework; sourceTree = SDKROOT; };
		EC10D3752E4AC20700F896D4 /* SwiftUI.framework */ = {isa = PBXFileReference; lastKnownFileType = wrapper.framework; name = SwiftUI.framework; path = System/Library/Frameworks/SwiftUI.framework; sourceTree = SDKROOT; };
		EC1986422FB15A3C00019AAA /* WidgetsExtensionExtension.appex */ = {isa = PBXFileReference; explicitFileType = "wrapper.app-extension"; includeInIndex = 0; path = WidgetsExtensionExtension.appex; sourceTree = BUILT_PRODUCTS_DIR; };
		EC1986592FB15A5E00019AAA /* WidgetsExtensionExtension.entitlements */ = {isa = PBXFileReference; lastKnownFileType = text.plist.entitlements; path = WidgetsExtensionExtension.entitlements; sourceTree = "<group>"; };
		EC5F37DA2E395FA500ACBAD8 /* MiniHabitTracker.app */ = {isa = PBXFileReference; explicitFileType = wrapper.application; includeInIndex = 0; path = MiniHabitTracker.app; sourceTree = BUILT_PRODUCTS_DIR; };
		ECED82922E56627400985CCF /* WidgetsExtension.entitlements */ = {isa = PBXFileReference; lastKnownFileType = text.plist.entitlements; path = WidgetsExtension.entitlements; sourceTree = "<group>"; };
		ECED82962E56ACAC00985CCF /* AppTrackingTransparency.framework */ = {isa = PBXFileReference; lastKnownFileType = wrapper.framework; name = AppTrackingTransparency.framework; path = System/Library/Frameworks/AppTrackingTransparency.framework; sourceTree = SDKROOT; };
		ECED829A2E56ACB900985CCF /* AdSupport.framework */ = {isa = PBXFileReference; lastKnownFileType = wrapper.framework; name = AdSupport.framework; path = System/Library/Frameworks/AdSupport.framework; sourceTree = SDKROOT; };
/* End PBXFileReference section */

/* Begin PBXFileSystemSynchronizedBuildFileExceptionSet section */
		EC1986542FB15A3E00019AAA /* Exceptions for "WidgetsExtension" folder in "WidgetsExtensionExtension" target */ = {
			isa = PBXFileSystemSynchronizedBuildFileExceptionSet;
			membershipExceptions = (
				Info.plist,
			);
			target = EC1986412FB15A3C00019AAA /* WidgetsExtensionExtension */;
		};
		EC19865B2FB15A8700019AAA /* Exceptions for "MiniHabitTracker" folder in "MiniHabitTracker" target */ = {
			isa = PBXFileSystemSynchronizedBuildFileExceptionSet;
			membershipExceptions = (
				Info.plist,
			);
			target = EC5F37D92E395FA500ACBAD8 /* MiniHabitTracker */;
		};
/* End PBXFileSystemSynchronizedBuildFileExceptionSet section */

/* Begin PBXFileSystemSynchronizedRootGroup section */
		EC1986452FB15A3C00019AAA /* WidgetsExtension */ = {
			isa = PBXFileSystemSynchronizedRootGroup;
			exceptions = (
				EC1986542FB15A3E00019AAA /* Exceptions for "WidgetsExtension" folder in "WidgetsExtensionExtension" target */,
			);
			path = WidgetsExtension;
			sourceTree = "<group>";
		};
		EC5F37DC2E395FA500ACBAD8 /* MiniHabitTracker */ = {
			isa = PBXFileSystemSynchronizedRootGroup;
			exceptions = (
				EC19865B2FB15A8700019AAA /* Exceptions for "MiniHabitTracker" folder in "MiniHabitTracker" target */,
			);
			path = MiniHabitTracker;
			sourceTree = "<group>";
		};
/* End PBXFileSystemSynchronizedRootGroup section */

/* Begin PBXFrameworksBuildPhase section */
		EC19863F2FB15A3C00019AAA /* Frameworks */ = {
			isa = PBXFrameworksBuildPhase;
			buildActionMask = 2147483647;
			files = (
				EC1986442FB15A3C00019AAA /* SwiftUI.framework in Frameworks */,
				EC1986432FB15A3C00019AAA /* WidgetKit.framework in Frameworks */,
			);
			runOnlyForDeploymentPostprocessing = 0;
		};
		EC5F37D72E395FA500ACBAD8 /* Frameworks */ = {
			isa = PBXFrameworksBuildPhase;
			buildActionMask = 2147483647;
			files = (
				ECA416852FABAC9200814408 /* RevenueCatUI in Frameworks */,
				ECA416832FABAC9200814408 /* RevenueCat in Frameworks */,
			);
			runOnlyForDeploymentPostprocessing = 0;
		};
/* End PBXFrameworksBuildPhase section */

/* Begin PBXGroup section */
		EC10D3722E4AC20700F896D4 /* Frameworks */ = {
			isa = PBXGroup;
			children = (
				ECED829A2E56ACB900985CCF /* AdSupport.framework */,
				ECED82962E56ACAC00985CCF /* AppTrackingTransparency.framework */,
				EC10D3732E4AC20700F896D4 /* WidgetKit.framework */,
				EC10D3752E4AC20700F896D4 /* SwiftUI.framework */,
			);
			name = Frameworks;
			sourceTree = "<group>";
		};
		EC5F37D12E395FA500ACBAD8 = {
			isa = PBXGroup;
			children = (
				EC1986592FB15A5E00019AAA /* WidgetsExtensionExtension.entitlements */,
				ECED82922E56627400985CCF /* WidgetsExtension.entitlements */,
				EC5F37DC2E395FA500ACBAD8 /* MiniHabitTracker */,
				EC1986452FB15A3C00019AAA /* WidgetsExtension */,
				EC10D3722E4AC20700F896D4 /* Frameworks */,
				EC5F37DB2E395FA500ACBAD8 /* Products */,
			);
			sourceTree = "<group>";
		};
		EC5F37DB2E395FA500ACBAD8 /* Products */ = {
			isa = PBXGroup;
			children = (
				EC5F37DA2E395FA500ACBAD8 /* MiniHabitTracker.app */,
				EC1986422FB15A3C00019AAA /* WidgetsExtensionExtension.appex */,
			);
			name = Products;
			sourceTree = "<group>";
		};
/* End PBXGroup section */

/* Begin PBXNativeTarget section */
		EC1986412FB15A3C00019AAA /* WidgetsExtensionExtension */ = {
			isa = PBXNativeTarget;
			buildConfigurationList = EC1986552FB15A3E00019AAA /* Build configuration list for PBXNativeTarget "WidgetsExtensionExtension" */;
			buildPhases = (
				EC19863E2FB15A3C00019AAA /* Sources */,
				EC19863F2FB15A3C00019AAA /* Frameworks */,
				EC1986402FB15A3C00019AAA /* Resources */,
			);
			buildRules = (
			);
			dependencies = (
			);
			fileSystemSynchronizedGroups = (
				EC1986452FB15A3C00019AAA /* WidgetsExtension */,
			);
			name = WidgetsExtensionExtension;
			packageProductDependencies = (
			);
			productName = WidgetsExtensionExtension;
			productReference = EC1986422FB15A3C00019AAA /* WidgetsExtensionExtension.appex */;
			productType = "com.apple.product-type.app-extension";
		};
		EC5F37D92E395FA500ACBAD8 /* MiniHabitTracker */ = {
			isa = PBXNativeTarget;
			buildConfigurationList = EC5F37E52E395FA600ACBAD8 /* Build configuration list for PBXNativeTarget "MiniHabitTracker" */;
			buildPhases = (
				EC5F37D62E395FA500ACBAD8 /* Sources */,
				EC5F37D72E395FA500ACBAD8 /* Frameworks */,
				EC5F37D82E395FA500ACBAD8 /* Resources */,
				EC1986582FB15A3E00019AAA /* Embed Foundation Extensions */,
			);
			buildRules = (
			);
			dependencies = (
				EC1986522FB15A3E00019AAA /* PBXTargetDependency */,
			);
			fileSystemSynchronizedGroups = (
				EC5F37DC2E395FA500ACBAD8 /* MiniHabitTracker */,
			);
			name = MiniHabitTracker;
			packageProductDependencies = (
				ECA416822FABAC9200814408 /* RevenueCat */,
				ECA416842FABAC9200814408 /* RevenueCatUI */,
			);
			productName = MiniHabitTracker;
			productReference = EC5F37DA2E395FA500ACBAD8 /* MiniHabitTracker.app */;
			productType = "com.apple.product-type.application";
		};
/* End PBXNativeTarget section */

/* Begin PBXProject section */
		EC5F37D22E395FA500ACBAD8 /* Project object */ = {
			isa = PBXProject;
			attributes = {
				BuildIndependentTargetsInParallel = 1;
				LastSwiftUpdateCheck = 2640;
				LastUpgradeCheck = 2640;
				TargetAttributes = {
					EC1986412FB15A3C00019AAA = {
						CreatedOnToolsVersion = 26.4.1;
					};
					EC5F37D92E395FA500ACBAD8 = {
						CreatedOnToolsVersion = 16.4;
					};
				};
			};
			buildConfigurationList = EC5F37D52E395FA500ACBAD8 /* Build configuration list for PBXProject "MiniHabitTracker" */;
			developmentRegion = en;
			hasScannedForEncodings = 0;
			knownRegions = (
				en,
				Base,
			);
			mainGroup = EC5F37D12E395FA500ACBAD8;
			minimizedProjectReferenceProxies = 1;
			packageReferences = (
				ECA416812FABAC9200814408 /* XCRemoteSwiftPackageReference "purchases-ios-spm" */,
			);
			preferredProjectObjectVersion = 77;
			productRefGroup = EC5F37DB2E395FA500ACBAD8 /* Products */;
			projectDirPath = "";
			projectRoot = "";
			targets = (
				EC5F37D92E395FA500ACBAD8 /* MiniHabitTracker */,
				EC1986412FB15A3C00019AAA /* WidgetsExtensionExtension */,
			);
		};
/* End PBXProject section */

/* Begin PBXResourcesBuildPhase section */
		EC1986402FB15A3C00019AAA /* Resources */ = {
			isa = PBXResourcesBuildPhase;
			buildActionMask = 2147483647;
			files = (
			);
			runOnlyForDeploymentPostprocessing = 0;
		};
		EC5F37D82E395FA500ACBAD8 /* Resources */ = {
			isa = PBXResourcesBuildPhase;
			buildActionMask = 2147483647;
			files = (
			);
			runOnlyForDeploymentPostprocessing = 0;
		};
/* End PBXResourcesBuildPhase section */

/* Begin PBXSourcesBuildPhase section */
		EC19863E2FB15A3C00019AAA /* Sources */ = {
			isa = PBXSourcesBuildPhase;
			buildActionMask = 2147483647;
			files = (
			);
			runOnlyForDeploymentPostprocessing = 0;
		};
		EC5F37D62E395FA500ACBAD8 /* Sources */ = {
			isa = PBXSourcesBuildPhase;
			buildActionMask = 2147483647;
			files = (
			);
			runOnlyForDeploymentPostprocessing = 0;
		};
/* End PBXSourcesBuildPhase section */

/* Begin PBXTargetDependency section */
		EC1986522FB15A3E00019AAA /* PBXTargetDependency */ = {
			isa = PBXTargetDependency;
			target = EC1986412FB15A3C00019AAA /* WidgetsExtensionExtension */;
			targetProxy = EC1986512FB15A3E00019AAA /* PBXContainerItemProxy */;
		};
/* End PBXTargetDependency section */

/* Begin XCBuildConfiguration section */
		EC1986562FB15A3E00019AAA /* Debug */ = {
			isa = XCBuildConfiguration;
			buildSettings = {
				ASSETCATALOG_COMPILER_GLOBAL_ACCENT_COLOR_NAME = AccentColor;
				ASSETCATALOG_COMPILER_WIDGET_BACKGROUND_COLOR_NAME = WidgetBackground;
				CODE_SIGN_ENTITLEMENTS = WidgetsExtensionExtension.entitlements;
				CODE_SIGN_STYLE = Automatic;
				CURRENT_PROJECT_VERSION = 3;
				DEVELOPMENT_TEAM = 5C778DVBP3;
				GENERATE_INFOPLIST_FILE = YES;
				INFOPLIST_FILE = WidgetsExtension/Info.plist;
				INFOPLIST_KEY_CFBundleDisplayName = WidgetsExtension;
				INFOPLIST_KEY_NSHumanReadableCopyright = "";
				IPHONEOS_DEPLOYMENT_TARGET = 18.0;
				LD_RUNPATH_SEARCH_PATHS = (
					"$(inherited)",
					"@executable_path/Frameworks",
					"@executable_path/../../Frameworks",
				);
				MARKETING_VERSION = 3.0;
				PRODUCT_BUNDLE_IDENTIFIER = com.Maicol.HabitTracker.WidgetsExtension;
				PRODUCT_NAME = "$(TARGET_NAME)";
				SKIP_INSTALL = YES;
				STRING_CATALOG_GENERATE_SYMBOLS = YES;
				SUPPORTED_PLATFORMS = "iphoneos iphonesimulator";
				SUPPORTS_MACCATALYST = NO;
				SUPPORTS_MAC_DESIGNED_FOR_IPHONE_IPAD = NO;
				SUPPORTS_XR_DESIGNED_FOR_IPHONE_IPAD = NO;
				SWIFT_APPROACHABLE_CONCURRENCY = YES;
				SWIFT_EMIT_LOC_STRINGS = YES;
				SWIFT_UPCOMING_FEATURE_MEMBER_IMPORT_VISIBILITY = YES;
				SWIFT_VERSION = 5.0;
				TARGETED_DEVICE_FAMILY = "1,2";
			};
			name = Debug;
		};
		EC1986572FB15A3E00019AAA /* Release */ = {
			isa = XCBuildConfiguration;
			buildSettings = {
				ASSETCATALOG_COMPILER_GLOBAL_ACCENT_COLOR_NAME = AccentColor;
				ASSETCATALOG_COMPILER_WIDGET_BACKGROUND_COLOR_NAME = WidgetBackground;
				CODE_SIGN_ENTITLEMENTS = WidgetsExtensionExtension.entitlements;
				CODE_SIGN_STYLE = Automatic;
				CURRENT_PROJECT_VERSION = 3;
				DEVELOPMENT_TEAM = 5C778DVBP3;
				GENERATE_INFOPLIST_FILE = YES;
				INFOPLIST_FILE = WidgetsExtension/Info.plist;
				INFOPLIST_KEY_CFBundleDisplayName = WidgetsExtension;
				INFOPLIST_KEY_NSHumanReadableCopyright = "";
				IPHONEOS_DEPLOYMENT_TARGET = 18.0;
				LD_RUNPATH_SEARCH_PATHS = (
					"$(inherited)",
					"@executable_path/Frameworks",
					"@executable_path/../../Frameworks",
				);
				MARKETING_VERSION = 3.0;
				PRODUCT_BUNDLE_IDENTIFIER = com.Maicol.HabitTracker.WidgetsExtension;
				PRODUCT_NAME = "$(TARGET_NAME)";
				SKIP_INSTALL = YES;
				STRING_CATALOG_GENERATE_SYMBOLS = YES;
				SUPPORTED_PLATFORMS = "iphoneos iphonesimulator";
				SUPPORTS_MACCATALYST = NO;
				SUPPORTS_MAC_DESIGNED_FOR_IPHONE_IPAD = NO;
				SUPPORTS_XR_DESIGNED_FOR_IPHONE_IPAD = NO;
				SWIFT_APPROACHABLE_CONCURRENCY = YES;
				SWIFT_EMIT_LOC_STRINGS = YES;
				SWIFT_UPCOMING_FEATURE_MEMBER_IMPORT_VISIBILITY = YES;
				SWIFT_VERSION = 5.0;
				TARGETED_DEVICE_FAMILY = "1,2";
			};
			name = Release;
		};
		EC5F37E32E395FA600ACBAD8 /* Debug */ = {
			isa = XCBuildConfiguration;
			buildSettings = {
				ALWAYS_SEARCH_USER_PATHS = NO;
				ASSETCATALOG_COMPILER_GENERATE_SWIFT_ASSET_SYMBOL_EXTENSIONS = YES;
				CLANG_ANALYZER_NONNULL = YES;
				CLANG_ANALYZER_NUMBER_OBJECT_CONVERSION = YES_AGGRESSIVE;
				CLANG_CXX_LANGUAGE_STANDARD = "gnu++20";
				CLANG_ENABLE_MODULES = YES;
				CLANG_ENABLE_OBJC_ARC = YES;
				CLANG_ENABLE_OBJC_WEAK = YES;
				CLANG_WARN_BLOCK_CAPTURE_AUTORELEASING = YES;
				CLANG_WARN_BOOL_CONVERSION = YES;
				CLANG_WARN_COMMA = YES;
				CLANG_WARN_CONSTANT_CONVERSION = YES;
				CLANG_WARN_DEPRECATED_OBJC_IMPLEMENTATIONS = YES;
				CLANG_WARN_DIRECT_OBJC_ISA_USAGE = YES_ERROR;
				CLANG_WARN_DOCUMENTATION_COMMENTS = YES;
				CLANG_WARN_EMPTY_BODY = YES;
				CLANG_WARN_ENUM_CONVERSION = YES;
				CLANG_WARN_INFINITE_RECURSION = YES;
				CLANG_WARN_INT_CONVERSION = YES;
				CLANG_WARN_NON_LITERAL_NULL_CONVERSION = YES;
				CLANG_WARN_OBJC_IMPLICIT_RETAIN_SELF = YES;
				CLANG_WARN_OBJC_LITERAL_CONVERSION = YES;
				CLANG_WARN_OBJC_ROOT_CLASS = YES_ERROR;
				CLANG_WARN_QUOTED_INCLUDE_IN_FRAMEWORK_HEADER = YES;
				CLANG_WARN_RANGE_LOOP_ANALYSIS = YES;
				CLANG_WARN_STRICT_PROTOTYPES = YES;
				CLANG_WARN_SUSPICIOUS_MOVE = YES;
				CLANG_WARN_UNGUARDED_AVAILABILITY = YES_AGGRESSIVE;
				CLANG_WARN_UNREACHABLE_CODE = YES;
				CLANG_WARN__DUPLICATE_METHOD_MATCH = YES;
				COPY_PHASE_STRIP = NO;
				DEBUG_INFORMATION_FORMAT = dwarf;
				DEVELOPMENT_TEAM = 5C778DVBP3;
				ENABLE_STRICT_OBJC_MSGSEND = YES;
				ENABLE_TESTABILITY = YES;
				ENABLE_USER_SCRIPT_SANDBOXING = YES;
				GCC_C_LANGUAGE_STANDARD = gnu17;
				GCC_DYNAMIC_NO_PIC = NO;
				GCC_NO_COMMON_BLOCKS = YES;
				GCC_OPTIMIZATION_LEVEL = 0;
				GCC_PREPROCESSOR_DEFINITIONS = (
					"DEBUG=1",
					"$(inherited)",
				);
				GCC_WARN_64_TO_32_BIT_CONVERSION = YES;
				GCC_WARN_ABOUT_RETURN_TYPE = YES_ERROR;
				GCC_WARN_UNDECLARED_SELECTOR = YES;
				GCC_WARN_UNINITIALIZED_AUTOS = YES_AGGRESSIVE;
				GCC_WARN_UNUSED_FUNCTION = YES;
				GCC_WARN_UNUSED_VARIABLE = YES;
				IPHONEOS_DEPLOYMENT_TARGET = 18.5;
				LOCALIZATION_PREFERS_STRING_CATALOGS = YES;
				MTL_ENABLE_DEBUG_INFO = INCLUDE_SOURCE;
				MTL_FAST_MATH = YES;
				ONLY_ACTIVE_ARCH = YES;
				SDKROOT = iphoneos;
				STRING_CATALOG_GENERATE_SYMBOLS = YES;
				SWIFT_ACTIVE_COMPILATION_CONDITIONS = "DEBUG $(inherited)";
				SWIFT_EMIT_LOC_STRINGS = YES;
				SWIFT_OPTIMIZATION_LEVEL = "-Onone";
			};
			name = Debug;
		};
		EC5F37E42E395FA600ACBAD8 /* Release */ = {
			isa = XCBuildConfiguration;
			buildSettings = {
				ALWAYS_SEARCH_USER_PATHS = NO;
				ASSETCATALOG_COMPILER_GENERATE_SWIFT_ASSET_SYMBOL_EXTENSIONS = YES;
				CLANG_ANALYZER_NONNULL = YES;
				CLANG_ANALYZER_NUMBER_OBJECT_CONVERSION = YES_AGGRESSIVE;
				CLANG_CXX_LANGUAGE_STANDARD = "gnu++20";
				CLANG_ENABLE_MODULES = YES;
				CLANG_ENABLE_OBJC_ARC = YES;
				CLANG_ENABLE_OBJC_WEAK = YES;
				CLANG_WARN_BLOCK_CAPTURE_AUTORELEASING = YES;
				CLANG_WARN_BOOL_CONVERSION = YES;
				CLANG_WARN_COMMA = YES;
				CLANG_WARN_CONSTANT_CONVERSION = YES;
				CLANG_WARN_DEPRECATED_OBJC_IMPLEMENTATIONS = YES;
				CLANG_WARN_DIRECT_OBJC_ISA_USAGE = YES_ERROR;
				CLANG_WARN_DOCUMENTATION_COMMENTS = YES;
				CLANG_WARN_EMPTY_BODY = YES;
				CLANG_WARN_ENUM_CONVERSION = YES;
				CLANG_WARN_INFINITE_RECURSION = YES;
				CLANG_WARN_INT_CONVERSION = YES;
				CLANG_WARN_NON_LITERAL_NULL_CONVERSION = YES;
				CLANG_WARN_OBJC_IMPLICIT_RETAIN_SELF = YES;
				CLANG_WARN_OBJC_LITERAL_CONVERSION = YES;
				CLANG_WARN_OBJC_ROOT_CLASS = YES_ERROR;
				CLANG_WARN_QUOTED_INCLUDE_IN_FRAMEWORK_HEADER = YES;
				CLANG_WARN_RANGE_LOOP_ANALYSIS = YES;
				CLANG_WARN_STRICT_PROTOTYPES = YES;
				CLANG_WARN_SUSPICIOUS_MOVE = YES;
				CLANG_WARN_UNGUARDED_AVAILABILITY = YES_AGGRESSIVE;
				CLANG_WARN_UNREACHABLE_CODE = YES;
				CLANG_WARN__DUPLICATE_METHOD_MATCH = YES;
				COPY_PHASE_STRIP = NO;
				DEBUG_INFORMATION_FORMAT = "dwarf-with-dsym";
				DEVELOPMENT_TEAM = 5C778DVBP3;
				ENABLE_NS_ASSERTIONS = NO;
				ENABLE_STRICT_OBJC_MSGSEND = YES;
				ENABLE_USER_SCRIPT_SANDBOXING = YES;
				GCC_C_LANGUAGE_STANDARD = gnu17;
				GCC_NO_COMMON_BLOCKS = YES;
				GCC_WARN_64_TO_32_BIT_CONVERSION = YES;
				GCC_WARN_ABOUT_RETURN_TYPE = YES_ERROR;
				GCC_WARN_UNDECLARED_SELECTOR = YES;
				GCC_WARN_UNINITIALIZED_AUTOS = YES_AGGRESSIVE;
				GCC_WARN_UNUSED_FUNCTION = YES;
				GCC_WARN_UNUSED_VARIABLE = YES;
				IPHONEOS_DEPLOYMENT_TARGET = 18.5;
				LOCALIZATION_PREFERS_STRING_CATALOGS = YES;
				MTL_ENABLE_DEBUG_INFO = NO;
				MTL_FAST_MATH = YES;
				SDKROOT = iphoneos;
				STRING_CATALOG_GENERATE_SYMBOLS = YES;
				SWIFT_COMPILATION_MODE = wholemodule;
				SWIFT_EMIT_LOC_STRINGS = YES;
				VALIDATE_PRODUCT = YES;
			};
			name = Release;
		};
		EC5F37E62E395FA600ACBAD8 /* Debug */ = {
			isa = XCBuildConfiguration;
			buildSettings = {
				ASSETCATALOG_COMPILER_APPICON_NAME = AppIcon;
				ASSETCATALOG_COMPILER_GLOBAL_ACCENT_COLOR_NAME = AccentColor;
				CODE_SIGN_ENTITLEMENTS = MiniHabitTracker/MiniHabitTracker.entitlements;
				CODE_SIGN_STYLE = Automatic;
				CURRENT_PROJECT_VERSION = 3;
				DEVELOPMENT_TEAM = 5C778DVBP3;
				ENABLE_PREVIEWS = YES;
				GENERATE_INFOPLIST_FILE = YES;
				INFOPLIST_FILE = MiniHabitTracker/Info.plist;
				INFOPLIST_KEY_CFBundleDisplayName = "Mini Habits";
				INFOPLIST_KEY_LSApplicationCategoryType = "public.app-category.productivity";
				INFOPLIST_KEY_UIApplicationSceneManifest_Generation = YES;
				INFOPLIST_KEY_UIApplicationSupportsIndirectInputEvents = YES;
				INFOPLIST_KEY_UILaunchScreen_Generation = YES;
				INFOPLIST_KEY_UISupportedInterfaceOrientations = UIInterfaceOrientationPortrait;
				INFOPLIST_KEY_UISupportedInterfaceOrientations_iPad = "UIInterfaceOrientationLandscapeLeft UIInterfaceOrientationLandscapeRight UIInterfaceOrientationPortrait UIInterfaceOrientationPortraitUpsideDown";
				IPHONEOS_DEPLOYMENT_TARGET = 18.0;
				LD_RUNPATH_SEARCH_PATHS = (
					"$(inherited)",
					"@executable_path/Frameworks",
				);
				MARKETING_VERSION = 3.0;
				PRODUCT_BUNDLE_IDENTIFIER = com.Maicol.HabitTracker;
				PRODUCT_NAME = "$(TARGET_NAME)";
				SUPPORTED_PLATFORMS = "iphoneos iphonesimulator";
				SUPPORTS_MACCATALYST = NO;
				SUPPORTS_MAC_DESIGNED_FOR_IPHONE_IPAD = NO;
				SUPPORTS_XR_DESIGNED_FOR_IPHONE_IPAD = NO;
				SWIFT_EMIT_LOC_STRINGS = YES;
				SWIFT_VERSION = 5.0;
				TARGETED_DEVICE_FAMILY = "1,2";
			};
			name = Debug;
		};
		EC5F37E72E395FA600ACBAD8 /* Release */ = {
			isa = XCBuildConfiguration;
			buildSettings = {
				ASSETCATALOG_COMPILER_APPICON_NAME = AppIcon;
				ASSETCATALOG_COMPILER_GLOBAL_ACCENT_COLOR_NAME = AccentColor;
				CODE_SIGN_ENTITLEMENTS = MiniHabitTracker/MiniHabitTracker.entitlements;
				CODE_SIGN_STYLE = Automatic;
				CURRENT_PROJECT_VERSION = 3;
				DEVELOPMENT_TEAM = 5C778DVBP3;
				ENABLE_PREVIEWS = YES;
				GENERATE_INFOPLIST_FILE = YES;
				INFOPLIST_FILE = MiniHabitTracker/Info.plist;
				INFOPLIST_KEY_CFBundleDisplayName = "Mini Habits";
				INFOPLIST_KEY_LSApplicationCategoryType = "public.app-category.productivity";
				INFOPLIST_KEY_UIApplicationSceneManifest_Generation = YES;
				INFOPLIST_KEY_UIApplicationSupportsIndirectInputEvents = YES;
				INFOPLIST_KEY_UILaunchScreen_Generation = YES;
				INFOPLIST_KEY_UISupportedInterfaceOrientations = UIInterfaceOrientationPortrait;
				INFOPLIST_KEY_UISupportedInterfaceOrientations_iPad = "UIInterfaceOrientationLandscapeLeft UIInterfaceOrientationLandscapeRight UIInterfaceOrientationPortrait UIInterfaceOrientationPortraitUpsideDown";
				IPHONEOS_DEPLOYMENT_TARGET = 18.0;
				LD_RUNPATH_SEARCH_PATHS = (
					"$(inherited)",
					"@executable_path/Frameworks",
				);
				MARKETING_VERSION = 3.0;
				PRODUCT_BUNDLE_IDENTIFIER = com.Maicol.HabitTracker;
				PRODUCT_NAME = "$(TARGET_NAME)";
				SUPPORTED_PLATFORMS = "iphoneos iphonesimulator";
				SUPPORTS_MACCATALYST = NO;
				SUPPORTS_MAC_DESIGNED_FOR_IPHONE_IPAD = NO;
				SUPPORTS_XR_DESIGNED_FOR_IPHONE_IPAD = NO;
				SWIFT_EMIT_LOC_STRINGS = YES;
				SWIFT_VERSION = 5.0;
				TARGETED_DEVICE_FAMILY = "1,2";
			};
			name = Release;
		};
/* End XCBuildConfiguration section */

/* Begin XCConfigurationList section */
		EC1986552FB15A3E00019AAA /* Build configuration list for PBXNativeTarget "WidgetsExtensionExtension" */ = {
			isa = XCConfigurationList;
			buildConfigurations = (
				EC1986562FB15A3E00019AAA /* Debug */,
				EC1986572FB15A3E00019AAA /* Release */,
			);
			defaultConfigurationIsVisible = 0;
			defaultConfigurationName = Release;
		};
		EC5F37D52E395FA500ACBAD8 /* Build configuration list for PBXProject "MiniHabitTracker" */ = {
			isa = XCConfigurationList;
			buildConfigurations = (
				EC5F37E32E395FA600ACBAD8 /* Debug */,
				EC5F37E42E395FA600ACBAD8 /* Release */,
			);
			defaultConfigurationIsVisible = 0;
			defaultConfigurationName = Release;
		};
		EC5F37E52E395FA600ACBAD8 /* Build configuration list for PBXNativeTarget "MiniHabitTracker" */ = {
			isa = XCConfigurationList;
			buildConfigurations = (
				EC5F37E62E395FA600ACBAD8 /* Debug */,
				EC5F37E72E395FA600ACBAD8 /* Release */,
			);
			defaultConfigurationIsVisible = 0;
			defaultConfigurationName = Release;
		};
/* End XCConfigurationList section */

/* Begin XCRemoteSwiftPackageReference section */
		ECA416812FABAC9200814408 /* XCRemoteSwiftPackageReference "purchases-ios-spm" */ = {
			isa = XCRemoteSwiftPackageReference;
			repositoryURL = "https://github.com/RevenueCat/purchases-ios-spm.git";
			requirement = {
				kind = upToNextMajorVersion;
				minimumVersion = 5.70.0;
			};
		};
/* End XCRemoteSwiftPackageReference section */

/* Begin XCSwiftPackageProductDependency section */
		ECA416822FABAC9200814408 /* RevenueCat */ = {
			isa = XCSwiftPackageProductDependency;
			package = ECA416812FABAC9200814408 /* XCRemoteSwiftPackageReference "purchases-ios-spm" */;
			productName = RevenueCat;
		};
		ECA416842FABAC9200814408 /* RevenueCatUI */ = {
			isa = XCSwiftPackageProductDependency;
			package = ECA416812FABAC9200814408 /* XCRemoteSwiftPackageReference "purchases-ios-spm" */;
			productName = RevenueCatUI;
		};
/* End XCSwiftPackageProductDependency section */
	};
	rootObject = EC5F37D22E395FA500ACBAD8 /* Project object */;
}
